
Microsoft Visual Studio Solution File, Format Version 12.00
# Visual Studio Version 17
VisualStudioVersion = 17.4.33213.308
MinimumVisualStudioVersion = 10.0.40219.1
Project("{8BC9CEB8-8B4A-11D0-8D11-00A0C91BC942}") = "OS13_HTCOM", "OS13_HTCOM\OS13_HTCOM.vcxproj", "{06083756-2C62-4297-AF5B-A7BDE9F448CC}"
EndProject
Project("{8BC9CEB8-8B4A-11D0-8D11-00A0C91BC942}") = "OS13_HTCOM_LIB", "OS13_HTCOM_LIB\OS13_HTCOM_LIB.vcxproj", "{B408AEFE-FF64-46FD-8D81-6DDE68A1F236}"
EndProject
Project("{8BC9CEB8-8B4A-11D0-8D11-00A0C91BC942}") = "OS13_CREATE", "OS13_CREATE\OS13_CREATE.vcxproj", "{3C956EE4-D464-46F3-A81A-0524C118F672}"
EndProject
Project("{8BC9CEB8-8B4A-11D0-8D11-00A0C91BC942}") = "OS13_START", "OS13_START\OS13_START.vcxproj", "{B325BC3A-E6C8-47D8-B683-B92D2D778D3D}"
EndProject
Project("{8BC9CEB8-8B4A-11D0-8D11-00A0C91BC942}") = "OS13_STOP", "OS13_STOP\OS13_STOP.vcxproj", "{D69B701D-B155-478F-946E-78A14CD902ED}"
EndProject
Project("{8BC9CEB8-8B4A-11D0-8D11-00A0C91BC942}") = "OS_0402", "OS_0402\OS_0402.vcxproj", "{A55AA281-0C66-481C-98DD-E21BDEC7AC0C}"
EndProject
Project("{8BC9CEB8-8B4A-11D0-8D11-00A0C91BC942}") = "OS_0403", "OS_0403\OS_0403.vcxproj", "{D56AD232-84F4-4914-A225-0BEEA46C51F7}"
EndProject
Project("{8BC9CEB8-8B4A-11D0-8D11-00A0C91BC942}") = "OS_0404", "OS_0404\OS_0404.vcxproj", "{53CEA37E-8B8B-4D57-A849-9C5F5726375C}"
EndProject
Global
	GlobalSection(SolutionConfigurationPlatforms) = preSolution
		Debug|x64 = Debug|x64
		Debug|x86 = Debug|x86
		Release|x64 = Release|x64
		Release|x86 = Release|x86
	EndGlobalSection
	GlobalSection(ProjectConfigurationPlatforms) = postSolution
		{06083756-2C62-4297-AF5B-A7BDE9F448CC}.Debug|x64.ActiveCfg = Debug|x64
		{06083756-2C62-4297-AF5B-A7BDE9F448CC}.Debug|x64.Build.0 = Debug|x64
		{06083756-2C62-4297-AF5B-A7BDE9F448CC}.Debug|x86.ActiveCfg = Debug|Win32
		{06083756-2C62-4297-AF5B-A7BDE9F448CC}.Debug|x86.Build.0 = Debug|Win32
		{06083756-2C62-4297-AF5B-A7BDE9F448CC}.Release|x64.ActiveCfg = Release|x64
		{06083756-2C62-4297-AF5B-A7BDE9F448CC}.Release|x64.Build.0 = Release|x64
		{06083756-2C62-4297-AF5B-A7BDE9F448CC}.Release|x86.ActiveCfg = Release|Win32
		{06083756-2C62-4297-AF5B-A7BDE9F448CC}.Release|x86.Build.0 = Release|Win32
		{B408AEFE-FF64-46FD-8D81-6DDE68A1F236}.Debug|x64.ActiveCfg = Debug|x64
		{B408AEFE-FF64-46FD-8D81-6DDE68A1F236}.Debug|x64.Build.0 = Debug|x64
		{B408AEFE-FF64-46FD-8D81-6DDE68A1F236}.Debug|x86.ActiveCfg = Debug|Win32
		{B408AEFE-FF64-46FD-8D81-6DDE68A1F236}.Debug|x86.Build.0 = Debug|Win32
		{B408AEFE-FF64-46FD-8D81-6DDE68A1F236}.Release|x64.ActiveCfg = Release|x64
		{B408AEFE-FF64-46FD-8D81-6DDE68A1F236}.Release|x64.Build.0 = Release|x64
		{B408AEFE-FF64-46FD-8D81-6DDE68A1F236}.Release|x86.ActiveCfg = Release|Win32
		{B408AEFE-FF64-46FD-8D81-6DDE68A1F236}.Release|x86.Build.0 = Release|Win32
		{3C956EE4-D464-46F3-A81A-0524C118F672}.Debug|x64.ActiveCfg = Debug|x64
		{3C956EE4-D464-46F3-A81A-0524C118F672}.Debug|x64.Build.0 = Debug|x64
		{3C956EE4-D464-46F3-A81A-0524C118F672}.Debug|x86.ActiveCfg = Debug|Win32
		{3C956EE4-D464-46F3-A81A-0524C118F672}.Debug|x86.Build.0 = Debug|Win32
		{3C956EE4-D464-46F3-A81A-0524C118F672}.Release|x64.ActiveCfg = Release|x64
		{3C956EE4-D464-46F3-A81A-0524C118F672}.Release|x64.Build.0 = Release|x64
		{3C956EE4-D464-46F3-A81A-0524C118F672}.Release|x86.ActiveCfg = Release|Win32
		{3C956EE4-D464-46F3-A81A-0524C118F672}.Release|x86.Build.0 = Release|Win32
		{B325BC3A-E6C8-47D8-B683-B92D2D778D3D}.Debug|x64.ActiveCfg = Debug|x64
		{B325BC3A-E6C8-47D8-B683-B92D2D778D3D}.Debug|x64.Build.0 = Debug|x64
		{B325BC3A-E6C8-47D8-B683-B92D2D778D3D}.Debug|x86.ActiveCfg = Debug|Win32
		{B325BC3A-E6C8-47D8-B683-B92D2D778D3D}.Debug|x86.Build.0 = Debug|Win32
		{B325BC3A-E6C8-47D8-B683-B92D2D778D3D}.Release|x64.ActiveCfg = Release|x64
		{B325BC3A-E6C8-47D8-B683-B92D2D778D3D}.Release|x64.Build.0 = Release|x64
		{B325BC3A-E6C8-47D8-B683-B92D2D778D3D}.Release|x86.ActiveCfg = Release|Win32
		{B325BC3A-E6C8-47D8-B683-B92D2D778D3D}.Release|x86.Build.0 = Release|Win32
		{D69B701D-B155-478F-946E-78A14CD902ED}.Debug|x64.ActiveCfg = Debug|x64
		{D69B701D-B155-478F-946E-78A14CD902ED}.Debug|x64.Build.0 = Debug|x64
		{D69B701D-B155-478F-946E-78A14CD902ED}.Debug|x86.ActiveCfg = Debug|Win32
		{D69B701D-B155-478F-946E-78A14CD902ED}.Debug|x86.Build.0 = Debug|Win32
		{D69B701D-B155-478F-946E-78A14CD902ED}.Release|x64.ActiveCfg = Release|x64
		{D69B701D-B155-478F-946E-78A14CD902ED}.Release|x64.Build.0 = Release|x64
		{D69B701D-B155-478F-946E-78A14CD902ED}.Release|x86.ActiveCfg = Release|Win32
		{D69B701D-B155-478F-946E-78A14CD902ED}.Release|x86.Build.0 = Release|Win32
		{A55AA281-0C66-481C-98DD-E21BDEC7AC0C}.Debug|x64.ActiveCfg = Debug|x64
		{A55AA281-0C66-481C-98DD-E21BDEC7AC0C}.Debug|x64.Build.0 = Debug|x64
		{A55AA281-0C66-481C-98DD-E21BDEC7AC0C}.Debug|x86.ActiveCfg = Debug|Win32
		{A55AA281-0C66-481C-98DD-E21BDEC7AC0C}.Debug|x86.Build.0 = Debug|Win32
		{A55AA281-0C66-481C-98DD-E21BDEC7AC0C}.Release|x64.ActiveCfg = Release|x64
		{A55AA281-0C66-481C-98DD-E21BDEC7AC0C}.Release|x64.Build.0 = Release|x64
		{A55AA281-0C66-481C-98DD-E21BDEC7AC0C}.Release|x86.ActiveCfg = Release|Win32
		{A55AA281-0C66-481C-98DD-E21BDEC7AC0C}.Release|x86.Build.0 = Release|Win32
		{D56AD232-84F4-4914-A225-0BEEA46C51F7}.Debug|x64.ActiveCfg = Debug|x64
		{D56AD232-84F4-4914-A225-0BEEA46C51F7}.Debug|x64.Build.0 = Debug|x64
		{D56AD232-84F4-4914-A225-0BEEA46C51F7}.Debug|x86.ActiveCfg = Debug|Win32
		{D56AD232-84F4-4914-A225-0BEEA46C51F7}.Debug|x86.Build.0 = Debug|Win32
		{D56AD232-84F4-4914-A225-0BEEA46C51F7}.Release|x64.ActiveCfg = Release|x64
		{D56AD232-84F4-4914-A225-0BEEA46C51F7}.Release|x64.Build.0 = Release|x64
		{D56AD232-84F4-4914-A225-0BEEA46C51F7}.Release|x86.ActiveCfg = Release|Win32
		{D56AD232-84F4-4914-A225-0BEEA46C51F7}.Release|x86.Build.0 = Release|Win32
		{53CEA37E-8B8B-4D57-A849-9C5F5726375C}.Debug|x64.ActiveCfg = Debug|x64
		{53CEA37E-8B8B-4D57-A849-9C5F5726375C}.Debug|x64.Build.0 = Debug|x64
		{53CEA37E-8B8B-4D57-A849-9C5F5726375C}.Debug|x86.ActiveCfg = Debug|Win32
		{53CEA37E-8B8B-4D57-A849-9C5F5726375C}.Debug|x86.Build.0 = Debug|Win32
		{53CEA37E-8B8B-4D57-A849-9C5F5726375C}.Release|x64.ActiveCfg = Release|x64
		{53CEA37E-8B8B-4D57-A849-9C5F5726375C}.Release|x64.Build.0 = Release|x64
		{53CEA37E-8B8B-4D57-A849-9C5F5726375C}.Release|x86.ActiveCfg = Release|Win32
		{53CEA37E-8B8B-4D57-A849-9C5F5726375C}.Release|x86.Build.0 = Release|Win32
	EndGlobalSection
	GlobalSection(SolutionProperties) = preSolution
		HideSolutionNode = FALSE
	EndGlobalSection
	GlobalSection(ExtensibilityGlobals) = postSolution
		SolutionGuid = {49324F43-A434-41DA-BCA0-C40D575536C8}
	EndGlobalSection
EndGlobal
