
Microsoft Visual Studio Solution File, Format Version 12.00
# Visual Studio Version 17
VisualStudioVersion = 17.3.32929.385
MinimumVisualStudioVersion = 10.0.40219.1
Project("{8BC9CEB8-8B4A-11D0-8D11-00A0C91BC942}") = "Lab08", "Lab08\Lab08.vcxproj", "{3C3A3A21-6FAC-4B44-A164-2F40DEF06659}"
EndProject
Project("{8BC9CEB8-8B4A-11D0-8D11-00A0C91BC942}") = "Lab08_2", "Lab08_2\Lab08_2.vcxproj", "{59613D37-286A-41AF-82F0-A2DEE0D1AD59}"
EndProject
Project("{8BC9CEB8-8B4A-11D0-8D11-00A0C91BC942}") = "Lab08_3", "Lab08_3\Lab08_3.vcxproj", "{43D6303B-06AB-4279-89D7-93B1D426F345}"
EndProject
Global
	GlobalSection(SolutionConfigurationPlatforms) = preSolution
		Debug|x64 = Debug|x64
		Debug|x86 = Debug|x86
		Release|x64 = Release|x64
		Release|x86 = Release|x86
	EndGlobalSection
	GlobalSection(ProjectConfigurationPlatforms) = postSolution
		{3C3A3A21-6FAC-4B44-A164-2F40DEF06659}.Debug|x64.ActiveCfg = Debug|x64
		{3C3A3A21-6FAC-4B44-A164-2F40DEF06659}.Debug|x64.Build.0 = Debug|x64
		{3C3A3A21-6FAC-4B44-A164-2F40DEF06659}.Debug|x86.ActiveCfg = Debug|Win32
		{3C3A3A21-6FAC-4B44-A164-2F40DEF06659}.Debug|x86.Build.0 = Debug|Win32
		{3C3A3A21-6FAC-4B44-A164-2F40DEF06659}.Release|x64.ActiveCfg = Release|x64
		{3C3A3A21-6FAC-4B44-A164-2F40DEF06659}.Release|x64.Build.0 = Release|x64
		{3C3A3A21-6FAC-4B44-A164-2F40DEF06659}.Release|x86.ActiveCfg = Release|Win32
		{3C3A3A21-6FAC-4B44-A164-2F40DEF06659}.Release|x86.Build.0 = Release|Win32
		{59613D37-286A-41AF-82F0-A2DEE0D1AD59}.Debug|x64.ActiveCfg = Debug|x64
		{59613D37-286A-41AF-82F0-A2DEE0D1AD59}.Debug|x64.Build.0 = Debug|x64
		{59613D37-286A-41AF-82F0-A2DEE0D1AD59}.Debug|x86.ActiveCfg = Debug|Win32
		{59613D37-286A-41AF-82F0-A2DEE0D1AD59}.Debug|x86.Build.0 = Debug|Win32
		{59613D37-286A-41AF-82F0-A2DEE0D1AD59}.Release|x64.ActiveCfg = Release|x64
		{59613D37-286A-41AF-82F0-A2DEE0D1AD59}.Release|x64.Build.0 = Release|x64
		{59613D37-286A-41AF-82F0-A2DEE0D1AD59}.Release|x86.ActiveCfg = Release|Win32
		{59613D37-286A-41AF-82F0-A2DEE0D1AD59}.Release|x86.Build.0 = Release|Win32
		{43D6303B-06AB-4279-89D7-93B1D426F345}.Debug|x64.ActiveCfg = Debug|x64
		{43D6303B-06AB-4279-89D7-93B1D426F345}.Debug|x64.Build.0 = Debug|x64
		{43D6303B-06AB-4279-89D7-93B1D426F345}.Debug|x86.ActiveCfg = Debug|Win32
		{43D6303B-06AB-4279-89D7-93B1D426F345}.Debug|x86.Build.0 = Debug|Win32
		{43D6303B-06AB-4279-89D7-93B1D426F345}.Release|x64.ActiveCfg = Release|x64
		{43D6303B-06AB-4279-89D7-93B1D426F345}.Release|x64.Build.0 = Release|x64
		{43D6303B-06AB-4279-89D7-93B1D426F345}.Release|x86.ActiveCfg = Release|Win32
		{43D6303B-06AB-4279-89D7-93B1D426F345}.Release|x86.Build.0 = Release|Win32
	EndGlobalSection
	GlobalSection(SolutionProperties) = preSolution
		HideSolutionNode = FALSE
	EndGlobalSection
	GlobalSection(ExtensibilityGlobals) = postSolution
		SolutionGuid = {A301B835-F767-476E-B0B1-EB968CF95F97}
	EndGlobalSection
EndGlobal
